// !$*UTF8*$!
{
	archiveVersion = 1;
	classes = {
	};
	objectVersion = 50;
	objects = {

/* Begin PBXBuildFile section */
		109BAF25217E4B2600FBCD11 /* AppDelegate.swift in Sources */ = {isa = PBXBuildFile; fileRef = 109BAF24217E4B2600FBCD11 /* AppDelegate.swift */; };
		109BAF27217E4B2600FBCD11 /* CustomTabViewController.swift in Sources */ = {isa = PBXBuildFile; fileRef = 109BAF26217E4B2600FBCD11 /* CustomTabViewController.swift */; };
		109BAF2D217E4B2600FBCD11 /* Sync_money.xcdatamodeld in Sources */ = {isa = PBXBuildFile; fileRef = 109BAF2B217E4B2600FBCD11 /* Sync_money.xcdatamodeld */; };
		109BAF2F217E4B2E00FBCD11 /* Assets.xcassets in Resources */ = {isa = PBXBuildFile; fileRef = 109BAF2E217E4B2E00FBCD11 /* Assets.xcassets */; };
		109BAF32217E4B2E00FBCD11 /* LaunchScreen.storyboard in Resources */ = {isa = PBXBuildFile; fileRef = 109BAF30217E4B2E00FBCD11 /* LaunchScreen.storyboard */; };
		109BAF3A217E4D2700FBCD11 /* AccountsViewController.swift in Sources */ = {isa = PBXBuildFile; fileRef = 109BAF39217E4D2700FBCD11 /* AccountsViewController.swift */; };
		109BAF3C217E4D7700FBCD11 /* CardViewController.swift in Sources */ = {isa = PBXBuildFile; fileRef = 109BAF3B217E4D7700FBCD11 /* CardViewController.swift */; };
		109BAF3E217E4DA200FBCD11 /* ScanORViewController.swift in Sources */ = {isa = PBXBuildFile; fileRef = 109BAF3D217E4DA200FBCD11 /* ScanORViewController.swift */; };
		109BAF40217E4DC700FBCD11 /* MarketViewController.swift in Sources */ = {isa = PBXBuildFile; fileRef = 109BAF3F217E4DC700FBCD11 /* MarketViewController.swift */; };
		109BAF42217E4DEF00FBCD11 /* MoreViewController.swift in Sources */ = {isa = PBXBuildFile; fileRef = 109BAF41217E4DEF00FBCD11 /* MoreViewController.swift */; };
		109BAF44217E627300FBCD11 /* Categories.swift in Sources */ = {isa = PBXBuildFile; fileRef = 109BAF43217E627300FBCD11 /* Categories.swift */; };
		109BAF46217E6E4600FBCD11 /* CategoriesCell.swift in Sources */ = {isa = PBXBuildFile; fileRef = 109BAF45217E6E4600FBCD11 /* CategoriesCell.swift */; };
/* End PBXBuildFile section */

/* Begin PBXFileReference section */
		109BAF21217E4B2600FBCD11 /* Sync money.app */ = {isa = PBXFileReference; explicitFileType = wrapper.application; includeInIndex = 0; path = "Sync money.app"; sourceTree = BUILT_PRODUCTS_DIR; };
		109BAF24217E4B2600FBCD11 /* AppDelegate.swift */ = {isa = PBXFileReference; lastKnownFileType = sourcecode.swift; path = AppDelegate.swift; sourceTree = "<group>"; };
		109BAF26217E4B2600FBCD11 /* CustomTabViewController.swift */ = {isa = PBXFileReference; lastKnownFileType = sourcecode.swift; path = CustomTabViewController.swift; sourceTree = "<group>"; };
		109BAF2C217E4B2600FBCD11 /* Sync_money.xcdatamodel */ = {isa = PBXFileReference; lastKnownFileType = wrapper.xcdatamodel; path = Sync_money.xcdatamodel; sourceTree = "<group>"; };
		109BAF2E217E4B2E00FBCD11 /* Assets.xcassets */ = {isa = PBXFileReference; lastKnownFileType = folder.assetcatalog; path = Assets.xcassets; sourceTree = "<group>"; };
		109BAF31217E4B2E00FBCD11 /* Base */ = {isa = PBXFileReference; lastKnownFileType = file.storyboard; name = Base; path = Base.lproj/LaunchScreen.storyboard; sourceTree = "<group>"; };
		109BAF33217E4B2E00FBCD11 /* Info.plist */ = {isa = PBXFileReference; lastKnownFileType = text.plist.xml; path = Info.plist; sourceTree = "<group>"; };
		109BAF39217E4D2700FBCD11 /* AccountsViewController.swift */ = {isa = PBXFileReference; lastKnownFileType = sourcecode.swift; path = AccountsViewController.swift; sourceTree = "<group>"; };
		109BAF3B217E4D7700FBCD11 /* CardViewController.swift */ = {isa = PBXFileReference; lastKnownFileType = sourcecode.swift; path = CardViewController.swift; sourceTree = "<group>"; };
		109BAF3D217E4DA200FBCD11 /* ScanORViewController.swift */ = {isa = PBXFileReference; lastKnownFileType = sourcecode.swift; path = ScanORViewController.swift; sourceTree = "<group>"; };
		109BAF3F217E4DC700FBCD11 /* MarketViewController.swift */ = {isa = PBXFileReference; lastKnownFileType = sourcecode.swift; path = MarketViewController.swift; sourceTree = "<group>"; };
		109BAF41217E4DEF00FBCD11 /* MoreViewController.swift */ = {isa = PBXFileReference; lastKnownFileType = sourcecode.swift; path = MoreViewController.swift; sourceTree = "<group>"; };
		109BAF43217E627300FBCD11 /* Categories.swift */ = {isa = PBXFileReference; lastKnownFileType = sourcecode.swift; path = Categories.swift; sourceTree = "<group>"; };
		109BAF45217E6E4600FBCD11 /* CategoriesCell.swift */ = {isa = PBXFileReference; lastKnownFileType = sourcecode.swift; path = CategoriesCell.swift; sourceTree = "<group>"; };
/* End PBXFileReference section */

/* Begin PBXFrameworksBuildPhase section */
		109BAF1E217E4B2600FBCD11 /* Frameworks */ = {
			isa = PBXFrameworksBuildPhase;
			buildActionMask = 2147483647;
			files = (
			);
			runOnlyForDeploymentPostprocessing = 0;
		};
/* End PBXFrameworksBuildPhase section */

/* Begin PBXGroup section */
		109BAF18217E4B2500FBCD11 = {
			isa = PBXGroup;
			children = (
				109BAF23217E4B2600FBCD11 /* Sync money */,
				109BAF22217E4B2600FBCD11 /* Products */,
			);
			sourceTree = "<group>";
		};
		109BAF22217E4B2600FBCD11 /* Products */ = {
			isa = PBXGroup;
			children = (
				109BAF21217E4B2600FBCD11 /* Sync money.app */,
			);
			name = Products;
			sourceTree = "<group>";
		};
		109BAF23217E4B2600FBCD11 /* Sync money */ = {
			isa = PBXGroup;
			children = (
				109BAF24217E4B2600FBCD11 /* AppDelegate.swift */,
				109BAF26217E4B2600FBCD11 /* CustomTabViewController.swift */,
				109BAF39217E4D2700FBCD11 /* AccountsViewController.swift */,
				109BAF3B217E4D7700FBCD11 /* CardViewController.swift */,
				109BAF3D217E4DA200FBCD11 /* ScanORViewController.swift */,
				109BAF3F217E4DC700FBCD11 /* MarketViewController.swift */,
				109BAF45217E6E4600FBCD11 /* CategoriesCell.swift */,
				109BAF43217E627300FBCD11 /* Categories.swift */,
				109BAF41217E4DEF00FBCD11 /* MoreViewController.swift */,
				109BAF2E217E4B2E00FBCD11 /* Assets.xcassets */,
				109BAF30217E4B2E00FBCD11 /* LaunchScreen.storyboard */,
				109BAF33217E4B2E00FBCD11 /* Info.plist */,
				109BAF2B217E4B2600FBCD11 /* Sync_money.xcdatamodeld */,
			);
			path = "Sync money";
			sourceTree = "<group>";
		};
/* End PBXGroup section */

/* Begin PBXNativeTarget section */
		109BAF20217E4B2600FBCD11 /* Sync money */ = {
			isa = PBXNativeTarget;
			buildConfigurationList = 109BAF36217E4B2E00FBCD11 /* Build configuration list for PBXNativeTarget "Sync money" */;
			buildPhases = (
				109BAF1D217E4B2600FBCD11 /* Sources */,
				109BAF1E217E4B2600FBCD11 /* Frameworks */,
				109BAF1F217E4B2600FBCD11 /* Resources */,
			);
			buildRules = (
			);
			dependencies = (
			);
			name = "Sync money";
			productName = "Sync money";
			productReference = 109BAF21217E4B2600FBCD11 /* Sync money.app */;
			productType = "com.apple.product-type.application";
		};
/* End PBXNativeTarget section */

/* Begin PBXProject section */
		109BAF19217E4B2500FBCD11 /* Project object */ = {
			isa = PBXProject;
			attributes = {
				LastSwiftUpdateCheck = 1000;
				LastUpgradeCheck = 1000;
				ORGANIZATIONNAME = Dany;
				TargetAttributes = {
					109BAF20217E4B2600FBCD11 = {
						CreatedOnToolsVersion = 10.0;
					};
				};
			};
			buildConfigurationList = 109BAF1C217E4B2500FBCD11 /* Build configuration list for PBXProject "Sync money" */;
			compatibilityVersion = "Xcode 9.3";
			developmentRegion = en;
			hasScannedForEncodings = 0;
			knownRegions = (
				en,
				Base,
			);
			mainGroup = 109BAF18217E4B2500FBCD11;
			productRefGroup = 109BAF22217E4B2600FBCD11 /* Products */;
			projectDirPath = "";
			projectRoot = "";
			targets = (
				109BAF20217E4B2600FBCD11 /* Sync money */,
			);
		};
/* End PBXProject section */

/* Begin PBXResourcesBuildPhase section */
		109BAF1F217E4B2600FBCD11 /* Resources */ = {
			isa = PBXResourcesBuildPhase;
			buildActionMask = 2147483647;
			files = (
				109BAF32217E4B2E00FBCD11 /* LaunchScreen.storyboard in Resources */,
				109BAF2F217E4B2E00FBCD11 /* Assets.xcassets in Resources */,
			);
			runOnlyForDeploymentPostprocessing = 0;
		};
/* End PBXResourcesBuildPhase section */

/* Begin PBXSourcesBuildPhase section */
		109BAF1D217E4B2600FBCD11 /* Sources */ = {
			isa = PBXSourcesBuildPhase;
			buildActionMask = 2147483647;
			files = (
				109BAF27217E4B2600FBCD11 /* CustomTabViewController.swift in Sources */,
				109BAF25217E4B2600FBCD11 /* AppDelegate.swift in Sources */,
				109BAF3A217E4D2700FBCD11 /* AccountsViewController.swift in Sources */,
				109BAF3C217E4D7700FBCD11 /* CardViewController.swift in Sources */,
				109BAF3E217E4DA200FBCD11 /* ScanORViewController.swift in Sources */,
				109BAF46217E6E4600FBCD11 /* CategoriesCell.swift in Sources */,
				109BAF44217E627300FBCD11 /* Categories.swift in Sources */,
				109BAF42217E4DEF00FBCD11 /* MoreViewController.swift in Sources */,
				109BAF2D217E4B2600FBCD11 /* Sync_money.xcdatamodeld in Sources */,
				109BAF40217E4DC700FBCD11 /* MarketViewController.swift in Sources */,
			);
			runOnlyForDeploymentPostprocessing = 0;
		};
/* End PBXSourcesBuildPhase section */

/* Begin PBXVariantGroup section */
		109BAF30217E4B2E00FBCD11 /* LaunchScreen.storyboard */ = {
			isa = PBXVariantGroup;
			children = (
				109BAF31217E4B2E00FBCD11 /* Base */,
			);
			name = LaunchScreen.storyboard;
			sourceTree = "<group>";
		};
/* End PBXVariantGroup section */

/* Begin XCBuildConfiguration section */
		109BAF34217E4B2E00FBCD11 /* Debug */ = {
			isa = XCBuildConfiguration;
			buildSettings = {
				ALWAYS_SEARCH_USER_PATHS = NO;
				CLANG_ANALYZER_NONNULL = YES;
				CLANG_ANALYZER_NUMBER_OBJECT_CONVERSION = YES_AGGRESSIVE;
				CLANG_CXX_LANGUAGE_STANDARD = "gnu++14";
				CLANG_CXX_LIBRARY = "libc++";
				CLANG_ENABLE_MODULES = YES;
				CLANG_ENABLE_OBJC_ARC = YES;
				CLANG_ENABLE_OBJC_WEAK = YES;
				CLANG_WARN_BLOCK_CAPTURE_AUTORELEASING = YES;
				CLANG_WARN_BOOL_CONVERSION = YES;
				CLANG_WARN_COMMA = YES;
				CLANG_WARN_CONSTANT_CONVERSION = YES;
				CLANG_WARN_DEPRECATED_OBJC_IMPLEMENTATIONS = YES;
				CLANG_WARN_DIRECT_OBJC_ISA_USAGE = YES_ERROR;
				CLANG_WARN_DOCUMENTATION_COMMENTS = YES;
				CLANG_WARN_EMPTY_BODY = YES;
				CLANG_WARN_ENUM_CONVERSION = YES;
				CLANG_WARN_INFINITE_RECURSION = YES;
				CLANG_WARN_INT_CONVERSION = YES;
				CLANG_WARN_NON_LITERAL_NULL_CONVERSION = YES;
				CLANG_WARN_OBJC_IMPLICIT_RETAIN_SELF = YES;
				CLANG_WARN_OBJC_LITERAL_CONVERSION = YES;
				CLANG_WARN_OBJC_ROOT_CLASS = YES_ERROR;
				CLANG_WARN_RANGE_LOOP_ANALYSIS = YES;
				CLANG_WARN_STRICT_PROTOTYPES = YES;
				CLANG_WARN_SUSPICIOUS_MOVE = YES;
				CLANG_WARN_UNGUARDED_AVAILABILITY = YES_AGGRESSIVE;
				CLANG_WARN_UNREACHABLE_CODE = YES;
				CLANG_WARN__DUPLICATE_METHOD_MATCH = YES;
				CODE_SIGN_IDENTITY = "iPhone Developer";
				COPY_PHASE_STRIP = NO;
				DEBUG_INFORMATION_FORMAT = dwarf;
				ENABLE_STRICT_OBJC_MSGSEND = YES;
				ENABLE_TESTABILITY = YES;
				GCC_C_LANGUAGE_STANDARD = gnu11;
				GCC_DYNAMIC_NO_PIC = NO;
				GCC_NO_COMMON_BLOCKS = YES;
				GCC_OPTIMIZATION_LEVEL = 0;
				GCC_PREPROCESSOR_DEFINITIONS = (
					"DEBUG=1",
					"$(inherited)",
				);
				GCC_WARN_64_TO_32_BIT_CONVERSION = YES;
				GCC_WARN_ABOUT_RETURN_TYPE = YES_ERROR;
				GCC_WARN_UNDECLARED_SELECTOR = YES;
				GCC_WARN_UNINITIALIZED_AUTOS = YES_AGGRESSIVE;
				GCC_WARN_UNUSED_FUNCTION = YES;
				GCC_WARN_UNUSED_VARIABLE = YES;
				IPHONEOS_DEPLOYMENT_TARGET = 12.0;
				MTL_ENABLE_DEBUG_INFO = INCLUDE_SOURCE;
				MTL_FAST_MATH = YES;
				ONLY_ACTIVE_ARCH = YES;
				SDKROOT = iphoneos;
				SWIFT_ACTIVE_COMPILATION_CONDITIONS = DEBUG;
				SWIFT_OPTIMIZATION_LEVEL = "-Onone";
			};
			name = Debug;
		};
		109BAF35217E4B2E00FBCD11 /* Release */ = {
			isa = XCBuildConfiguration;
			buildSettings = {
				ALWAYS_SEARCH_USER_PATHS = NO;
				CLANG_ANALYZER_NONNULL = YES;
				CLANG_ANALYZER_NUMBER_OBJECT_CONVERSION = YES_AGGRESSIVE;
				CLANG_CXX_LANGUAGE_STANDARD = "gnu++14";
				CLANG_CXX_LIBRARY = "libc++";
				CLANG_ENABLE_MODULES = YES;
				CLANG_ENABLE_OBJC_ARC = YES;
				CLANG_ENABLE_OBJC_WEAK = YES;
				CLANG_WARN_BLOCK_CAPTURE_AUTORELEASING = YES;
				CLANG_WARN_BOOL_CONVERSION = YES;
				CLANG_WARN_COMMA = YES;
				CLANG_WARN_CONSTANT_CONVERSION = YES;
				CLANG_WARN_DEPRECATED_OBJC_IMPLEMENTATIONS = YES;
				CLANG_WARN_DIRECT_OBJC_ISA_USAGE = YES_ERROR;
				CLANG_WARN_DOCUMENTATION_COMMENTS = YES;
				CLANG_WARN_EMPTY_BODY = YES;
				CLANG_WARN_ENUM_CONVERSION = YES;
				CLANG_WARN_INFINITE_RECURSION = YES;
				CLANG_WARN_INT_CONVERSION = YES;
				CLANG_WARN_NON_LITERAL_NULL_CONVERSION = YES;
				CLANG_WARN_OBJC_IMPLICIT_RETAIN_SELF = YES;
				CLANG_WARN_OBJC_LITERAL_CONVERSION = YES;
				CLANG_WARN_OBJC_ROOT_CLASS = YES_ERROR;
				CLANG_WARN_RANGE_LOOP_ANALYSIS = YES;
				CLANG_WARN_STRICT_PROTOTYPES = YES;
				CLANG_WARN_SUSPICIOUS_MOVE = YES;
				CLANG_WARN_UNGUARDED_AVAILABILITY = YES_AGGRESSIVE;
				CLANG_WARN_UNREACHABLE_CODE = YES;
				CLANG_WARN__DUPLICATE_METHOD_MATCH = YES;
				CODE_SIGN_IDENTITY = "iPhone Developer";
				COPY_PHASE_STRIP = NO;
				DEBUG_INFORMATION_FORMAT = "dwarf-with-dsym";
				ENABLE_NS_ASSERTIONS = NO;
				ENABLE_STRICT_OBJC_MSGSEND = YES;
				GCC_C_LANGUAGE_STANDARD = gnu11;
				GCC_NO_COMMON_BLOCKS = YES;
				GCC_WARN_64_TO_32_BIT_CONVERSION = YES;
				GCC_WARN_ABOUT_RETURN_TYPE = YES_ERROR;
				GCC_WARN_UNDECLARED_SELECTOR = YES;
				GCC_WARN_UNINITIALIZED_AUTOS = YES_AGGRESSIVE;
				GCC_WARN_UNUSED_FUNCTION = YES;
				GCC_WARN_UNUSED_VARIABLE = YES;
				IPHONEOS_DEPLOYMENT_TARGET = 12.0;
				MTL_ENABLE_DEBUG_INFO = NO;
				MTL_FAST_MATH = YES;
				SDKROOT = iphoneos;
				SWIFT_COMPILATION_MODE = wholemodule;
				SWIFT_OPTIMIZATION_LEVEL = "-O";
				VALIDATE_PRODUCT = YES;
			};
			name = Release;
		};
		109BAF37217E4B2E00FBCD11 /* Debug */ = {
			isa = XCBuildConfiguration;
			buildSettings = {
				ASSETCATALOG_COMPILER_APPICON_NAME = AppIcon;
				CODE_SIGN_STYLE = Automatic;
				INFOPLIST_FILE = "Sync money/Info.plist";
				LD_RUNPATH_SEARCH_PATHS = (
					"$(inherited)",
					"@executable_path/Frameworks",
				);
				PRODUCT_BUNDLE_IDENTIFIER = "com.dany.Sync-money";
				PRODUCT_NAME = "$(TARGET_NAME)";
				SWIFT_VERSION = 4.2;
				TARGETED_DEVICE_FAMILY = "1,2";
			};
			name = Debug;
		};
		109BAF38217E4B2E00FBCD11 /* Release */ = {
			isa = XCBuildConfiguration;
			buildSettings = {
				ASSETCATALOG_COMPILER_APPICON_NAME = AppIcon;
				CODE_SIGN_STYLE = Automatic;
				INFOPLIST_FILE = "Sync money/Info.plist";
				LD_RUNPATH_SEARCH_PATHS = (
					"$(inherited)",
					"@executable_path/Frameworks",
				);
				PRODUCT_BUNDLE_IDENTIFIER = "com.dany.Sync-money";
				PRODUCT_NAME = "$(TARGET_NAME)";
				SWIFT_VERSION = 4.2;
				TARGETED_DEVICE_FAMILY = "1,2";
			};
			name = Release;
		};
/* End XCBuildConfiguration section */

/* Begin XCConfigurationList section */
		109BAF1C217E4B2500FBCD11 /* Build configuration list for PBXProject "Sync money" */ = {
			isa = XCConfigurationList;
			buildConfigurations = (
				109BAF34217E4B2E00FBCD11 /* Debug */,
				109BAF35217E4B2E00FBCD11 /* Release */,
			);
			defaultConfigurationIsVisible = 0;
			defaultConfigurationName = Release;
		};
		109BAF36217E4B2E00FBCD11 /* Build configuration list for PBXNativeTarget "Sync money" */ = {
			isa = XCConfigurationList;
			buildConfigurations = (
				109BAF37217E4B2E00FBCD11 /* Debug */,
				109BAF38217E4B2E00FBCD11 /* Release */,
			);
			defaultConfigurationIsVisible = 0;
			defaultConfigurationName = Release;
		};
/* End XCConfigurationList section */

/* Begin XCVersionGroup section */
		109BAF2B217E4B2600FBCD11 /* Sync_money.xcdatamodeld */ = {
			isa = XCVersionGroup;
			children = (
				109BAF2C217E4B2600FBCD11 /* Sync_money.xcdatamodel */,
			);
			currentVersion = 109BAF2C217E4B2600FBCD11 /* Sync_money.xcdatamodel */;
			path = Sync_money.xcdatamodeld;
			sourceTree = "<group>";
			versionGroupType = wrapper.xcdatamodel;
		};
/* End XCVersionGroup section */
	};
	rootObject = 109BAF19217E4B2500FBCD11 /* Project object */;
}
